<?xml version="1.0" encoding="utf-8"?>
<Project ToolsVersion="4.0" xmlns="http://schemas.microsoft.com/developer/msbuild/2003">
  <ItemGroup>
    <Filter Include="Source Files">
      <UniqueIdentifier>{4FC737F1-C7A5-4376-A066-2A32D752A2FF}</UniqueIdentifier>
      <Extensions>cpp;c;cc;cxx;def;odl;idl;hpj;bat;asm;asmx</Extensions>
    </Filter>
    <Filter Include="Header Files">
      <UniqueIdentifier>{93995380-89BD-4b04-88EB-625FBE52EBFB}</UniqueIdentifier>
      <Extensions>h;hh;hpp;hxx;hm;inl;inc;xsd</Extensions>
    </Filter>
    <Filter Include="Resource Files">
      <UniqueIdentifier>{67DA6AB6-F800-4c08-8B7A-83BB121AAD01}</UniqueIdentifier>
      <Extensions>rc;ico;cur;bmp;dlg;rc2;rct;bin;rgs;gif;jpg;jpeg;jpe;resx;tiff;tif;png;wav;mfcribbon-ms</Extensions>
    </Filter>
  </ItemGroup>
  <ItemGroup>
    <Text Include="ReadMe.txt" />
  </ItemGroup>
  <ItemGroup>
    <ClInclude Include="stdafx.h">
      <Filter>Header Files</Filter>
    </ClInclude>
    <ClInclude Include="targetver.h">
      <Filter>Header Files</Filter>
    </ClInclude>
    <ClInclude Include="vehicle.h">
      <Filter>Header Files</Filter>
    </ClInclude>
    <ClInclude Include="vehicleFactory.h">
      <Filter>Header Files</Filter>
    </ClInclude>
    <ClInclude Include="gasVehicle.h">
      <Filter>Header Files</Filter>
    </ClInclude>
    <ClInclude Include="dieselVehicle.h">
      <Filter>Header Files</Filter>
    </ClInclude>
    <ClInclude Include="electricVehicle.h">
      <Filter>Header Files</Filter>
    </ClInclude>
    <ClInclude Include="task.h">
      <Filter>Header Files</Filter>
    </ClInclude>
    <ClInclude Include="oilChange.h">
      <Filter>Header Files</Filter>
    </ClInclude>
    <ClInclude Include="chargeBattery.h">
      <Filter>Header Files</Filter>
    </ClInclude>
    <ClInclude Include="tireRotation.h">
      <Filter>Header Files</Filter>
    </ClInclude>
    <ClInclude Include="serviceRecord.h">
      <Filter>Header Files</Filter>
    </ClInclude>
    <ClInclude Include="serviceTracker.h">
      <Filter>Header Files</Filter>
    </ClInclude>
    <ClInclude Include="taskGenerator.h">
      <Filter>Header Files</Filter>
    </ClInclude>
    <ClInclude Include="requestHandler.h">
      <Filter>Header Files</Filter>
    </ClInclude>
    <ClInclude Include="restColumn.h">
      <Filter>Header Files</Filter>
    </ClInclude>
  </ItemGroup>
  <ItemGroup>
    <ClCompile Include="stdafx.cpp">
      <Filter>Source Files</Filter>
    </ClCompile>
    <ClCompile Include="carServiceTracker.cpp">
      <Filter>Source Files</Filter>
    </ClCompile>
    <ClCompile Include="vehicleFactory.cpp">
      <Filter>Source Files</Filter>
    </ClCompile>
    <ClCompile Include="gasVehicle.cpp">
      <Filter>Source Files</Filter>
    </ClCompile>
    <ClCompile Include="dieselVehicle.cpp">
      <Filter>Source Files</Filter>
    </ClCompile>
    <ClCompile Include="electricVehicle.cpp">
      <Filter>Source Files</Filter>
    </ClCompile>
    <ClCompile Include="task.cpp">
      <Filter>Source Files</Filter>
    </ClCompile>
    <ClCompile Include="oilChange.cpp">
      <Filter>Source Files</Filter>
    </ClCompile>
    <ClCompile Include="chargeBattery.cpp">
      <Filter>Source Files</Filter>
    </ClCompile>
    <ClCompile Include="tireRotation.cpp">
      <Filter>Source Files</Filter>
    </ClCompile>
    <ClCompile Include="serviceRecord.cpp">
      <Filter>Source Files</Filter>
    </ClCompile>
    <ClCompile Include="serviceTracker.cpp">
      <Filter>Source Files</Filter>
    </ClCompile>
    <ClCompile Include="taskGenerator.cpp">
      <Filter>Source Files</Filter>
    </ClCompile>
    <ClCompile Include="vehicle.cpp">
      <Filter>Source Files</Filter>
    </ClCompile>
    <ClCompile Include="requestHandler.cpp">
      <Filter>Source Files</Filter>
    </ClCompile>
  </ItemGroup>
  <ItemGroup>
    <None Include="packages.config" />
  </ItemGroup>
</Project>